
Microsoft Visual Studio Solution File, Format Version 12.00
# Visual Studio Version 16
VisualStudioVersion = 16.0.30517.126
MinimumVisualStudioVersion = 10.0.40219.1
Project("{FAE04EC0-301F-11D3-BF4B-00C04F79EFBC}") = "WebCommon", "WebCommon\WebCommon.csproj", "{7F38379A-3DB0-46AB-B5C5-BE60E9806996}"
EndProject
Project("{FAE04EC0-301F-11D3-BF4B-00C04F79EFBC}") = "DesiClothingFrontEnd", "DesiClothingFrontEnd\DesiClothingFrontEnd.csproj", "{30BFDCEA-4FD1-4B01-B6EB-9CB78D382B1B}"
EndProject
Project("{FAE04EC0-301F-11D3-BF4B-00C04F79EFBC}") = "DesiClothingAPI", "DesiClothingAPI\DesiClothingAPI.csproj", "{E25206A2-4B02-4B87-A42C-CDA448514BBE}"
EndProject
Global
	GlobalSection(SolutionConfigurationPlatforms) = preSolution
		Debug|Any CPU = Debug|Any CPU
		Release|Any CPU = Release|Any CPU
	EndGlobalSection
	GlobalSection(ProjectConfigurationPlatforms) = postSolution
		{7F38379A-3DB0-46AB-B5C5-BE60E9806996}.Debug|Any CPU.ActiveCfg = Debug|Any CPU
		{7F38379A-3DB0-46AB-B5C5-BE60E9806996}.Debug|Any CPU.Build.0 = Debug|Any CPU
		{7F38379A-3DB0-46AB-B5C5-BE60E9806996}.Release|Any CPU.ActiveCfg = Release|Any CPU
		{7F38379A-3DB0-46AB-B5C5-BE60E9806996}.Release|Any CPU.Build.0 = Release|Any CPU
		{30BFDCEA-4FD1-4B01-B6EB-9CB78D382B1B}.Debug|Any CPU.ActiveCfg = Debug|Any CPU
		{30BFDCEA-4FD1-4B01-B6EB-9CB78D382B1B}.Debug|Any CPU.Build.0 = Debug|Any CPU
		{30BFDCEA-4FD1-4B01-B6EB-9CB78D382B1B}.Release|Any CPU.ActiveCfg = Release|Any CPU
		{30BFDCEA-4FD1-4B01-B6EB-9CB78D382B1B}.Release|Any CPU.Build.0 = Release|Any CPU
		{E25206A2-4B02-4B87-A42C-CDA448514BBE}.Debug|Any CPU.ActiveCfg = Debug|Any CPU
		{E25206A2-4B02-4B87-A42C-CDA448514BBE}.Debug|Any CPU.Build.0 = Debug|Any CPU
		{E25206A2-4B02-4B87-A42C-CDA448514BBE}.Release|Any CPU.ActiveCfg = Release|Any CPU
		{E25206A2-4B02-4B87-A42C-CDA448514BBE}.Release|Any CPU.Build.0 = Release|Any CPU
	EndGlobalSection
	GlobalSection(SolutionProperties) = preSolution
		HideSolutionNode = FALSE
	EndGlobalSection
	GlobalSection(ExtensibilityGlobals) = postSolution
		SolutionGuid = {D335B42B-C347-497E-862E-5A430C4B6BED}
	EndGlobalSection
EndGlobal
